
Microsoft Visual Studio Solution File, Format Version 12.00
# Visual Studio Version 17
VisualStudioVersion = 17.0.31903.59
MinimumVisualStudioVersion = 10.0.40219.1
Project("{2150E333-8FDC-42A3-9474-1A3956D46DE8}") = ".paket", ".paket", "{3AE497BD-4186-4065-89E5-D2AEEF91C6A0}"
	ProjectSection(SolutionItems) = preProject
		paket.dependencies = paket.dependencies
	EndProjectSection
EndProject
Project("{F2A71F9B-5D33-465A-A702-920D77279786}") = "TodoList.InMemory", "TodoList.InMemory\TodoList.InMemory.fsproj", "{02AEEE88-46AF-418C-808D-6B44CC1C8C4C}"
EndProject
Project("{F2A71F9B-5D33-465A-A702-920D77279786}") = "TodoList.Core", "TodoList.Core\TodoList.Core.fsproj", "{FD08ECAF-88A2-4445-973B-89446E2D31D1}"
EndProject
Project("{F2A71F9B-5D33-465A-A702-920D77279786}") = "TodoList.CSV", "TodoList.CSV\TodoList.CSV.fsproj", "{FDB4A7D2-C89F-473E-AED0-5F611AF67BBB}"
EndProject
Global
	GlobalSection(SolutionConfigurationPlatforms) = preSolution
		Debug|Any CPU = Debug|Any CPU
		Release|Any CPU = Release|Any CPU
	EndGlobalSection
	GlobalSection(SolutionProperties) = preSolution
		HideSolutionNode = FALSE
	EndGlobalSection
	GlobalSection(ProjectConfigurationPlatforms) = postSolution
		{02AEEE88-46AF-418C-808D-6B44CC1C8C4C}.Debug|Any CPU.ActiveCfg = Debug|Any CPU
		{02AEEE88-46AF-418C-808D-6B44CC1C8C4C}.Debug|Any CPU.Build.0 = Debug|Any CPU
		{02AEEE88-46AF-418C-808D-6B44CC1C8C4C}.Release|Any CPU.ActiveCfg = Release|Any CPU
		{02AEEE88-46AF-418C-808D-6B44CC1C8C4C}.Release|Any CPU.Build.0 = Release|Any CPU
		{FD08ECAF-88A2-4445-973B-89446E2D31D1}.Debug|Any CPU.ActiveCfg = Debug|Any CPU
		{FD08ECAF-88A2-4445-973B-89446E2D31D1}.Debug|Any CPU.Build.0 = Debug|Any CPU
		{FD08ECAF-88A2-4445-973B-89446E2D31D1}.Release|Any CPU.ActiveCfg = Release|Any CPU
		{FD08ECAF-88A2-4445-973B-89446E2D31D1}.Release|Any CPU.Build.0 = Release|Any CPU
		{FDB4A7D2-C89F-473E-AED0-5F611AF67BBB}.Debug|Any CPU.ActiveCfg = Debug|Any CPU
		{FDB4A7D2-C89F-473E-AED0-5F611AF67BBB}.Debug|Any CPU.Build.0 = Debug|Any CPU
		{FDB4A7D2-C89F-473E-AED0-5F611AF67BBB}.Release|Any CPU.ActiveCfg = Release|Any CPU
		{FDB4A7D2-C89F-473E-AED0-5F611AF67BBB}.Release|Any CPU.Build.0 = Release|Any CPU
	EndGlobalSection
EndGlobal
